hash: d5a442abbabb137afb56e00811b88d63269d1dff5f48a9f90f59a3e870444237
updated: 2018-08-11T23:51:31.443141-07:00
imports:
- name: github.com/golang/protobuf
  version: 89a0c16f4dc2a70c0ed864d8ef64878f24fdaa51
  subpackages:
  - proto
  - ptypes
  - ptypes/any
  - ptypes/duration
  - ptypes/timestamp
- name: github.com/sirupsen/logrus
  version: 3e01752db0189b9157070a0e1668a620f9a85da2
- name: golang.org/x/crypto
  version: de0752318171da717af4ce24d0a2e8626afaeb11
  subpackages:
  - ssh/terminal
- name: golang.org/x/net
  version: c39426892332e1bb5ec0a434a079bf82f5d30c54
  subpackages:
  - context
  - http/httpguts
  - http2
  - http2/hpack
  - idna
  - internal/timeseries
  - trace
- name: golang.org/x/sys
  version: 98c5dad5d1a0e8a73845ecc8897d0bd56586511d
  subpackages:
  - unix
  - windows
- name: golang.org/x/text
  version: 6e3c4e7365ddcc329f090f96e4348398f6310088
  subpackages:
  - secure/bidirule
  - transform
  - unicode/bidi
  - unicode/norm
- name: google.golang.org/genproto
  version: 383e8b2c3b9e36c4076b235b32537292176bae20
  subpackages:
  - googleapis/rpc/status
- name: google.golang.org/grpc
  version: 32fb0ac620c32ba40a4626ddf94d90d12cce3455
  subpackages:
  - balancer
  - balancer/base
  - balancer/roundrobin
  - codes
  - connectivity
  - credentials
  - encoding
  - encoding/proto
  - grpclog
  - internal
  - internal/backoff
  - internal/channelz
  - internal/envconfig
  - internal/grpcrand
  - internal/transport
  - keepalive
  - metadata
  - naming
  - peer
  - resolver
  - resolver/dns
  - resolver/passthrough
  - stats
  - status
  - tap
testImports: []
